
Microsoft Visual Studio Solution File, Format Version 12.00
# Visual Studio Version 16
VisualStudioVersion = 25.0.1704.0
MinimumVisualStudioVersion = 10.0.40219.1
Project("{FAE04EC0-301F-11D3-BF4B-00C04F79EFBC}") = "Mars Rover", "Mars Rover\Mars Rover.csproj", "{A24B54EA-4C4A-4DB6-B0E3-D6EDA0AF944B}"
EndProject
Global
	GlobalSection(SolutionConfigurationPlatforms) = preSolution
		Debug|Any CPU = Debug|Any CPU
		Release|Any CPU = Release|Any CPU
	EndGlobalSection
	GlobalSection(ProjectConfigurationPlatforms) = postSolution
		{A24B54EA-4C4A-4DB6-B0E3-D6EDA0AF944B}.Debug|Any CPU.ActiveCfg = Debug|Any CPU
		{A24B54EA-4C4A-4DB6-B0E3-D6EDA0AF944B}.Debug|Any CPU.Build.0 = Debug|Any CPU
		{A24B54EA-4C4A-4DB6-B0E3-D6EDA0AF944B}.Release|Any CPU.ActiveCfg = Release|Any CPU
		{A24B54EA-4C4A-4DB6-B0E3-D6EDA0AF944B}.Release|Any CPU.Build.0 = Release|Any CPU
	EndGlobalSection
	GlobalSection(SolutionProperties) = preSolution
		HideSolutionNode = FALSE
	EndGlobalSection
	GlobalSection(ExtensibilityGlobals) = postSolution
		SolutionGuid = {F2499892-AC25-4899-B203-6DDFCF8F57DC}
	EndGlobalSection
EndGlobal
